
Microsoft Visual Studio Solution File, Format Version 12.00
# Visual Studio 14
VisualStudioVersion = 14.0.25420.1
MinimumVisualStudioVersion = 10.0.40219.1
Project("{2150E333-8FDC-42A3-9474-1A3956D46DE8}") = "2.RestAPI", "2.RestAPI", "{04713B39-F2AD-456C-BF0C-C3D4F444897C}"
EndProject
Project("{2150E333-8FDC-42A3-9474-1A3956D46DE8}") = "1.App", "1.App", "{5C55AC54-8CBD-4E51-B9B5-EEDA7F7706ED}"
EndProject
Project("{2150E333-8FDC-42A3-9474-1A3956D46DE8}") = "GPAddin", "GPAddin", "{4035B393-1435-44B0-B394-F14CECFF26E5}"
EndProject
Project("{FAE04EC0-301F-11D3-BF4B-00C04F79EFBC}") = "Chempoint.GP.SO", "Chempoint.GP.SO\Chempoint.GP.SO.csproj", "{81232B9F-083A-4A46-A70F-806287D53083}"
EndProject
Project("{2150E333-8FDC-42A3-9474-1A3956D46DE8}") = "3.Business", "3.Business", "{600A5713-CB5E-4FBC-B866-D31B826DCAB7}"
EndProject
Project("{2150E333-8FDC-42A3-9474-1A3956D46DE8}") = "4.DataLayer", "4.DataLayer", "{9B2D0EA9-7B4D-4BA7-90C2-57C40734E598}"
EndProject
Project("{2150E333-8FDC-42A3-9474-1A3956D46DE8}") = "Contracts", "Contracts", "{B204A19F-D836-460E-B738-686C70051984}"
EndProject
Project("{2150E333-8FDC-42A3-9474-1A3956D46DE8}") = "Entities", "Entities", "{A9575D24-6B34-4564-AA33-6184B5D3CE36}"
EndProject
Project("{2150E333-8FDC-42A3-9474-1A3956D46DE8}") = "Shared", "Shared", "{75464A84-7775-4340-8D0E-6212602D11D5}"
EndProject
Project("{FAE04EC0-301F-11D3-BF4B-00C04F79EFBC}") = "ChemPoint.GP.SalesOrderDL", "ChemPoint.GP.SalesOrderDL\ChemPoint.GP.SalesOrderDL.csproj", "{7DBEA2EE-C068-4378-9B8D-2614538367F0}"
EndProject
Project("{FAE04EC0-301F-11D3-BF4B-00C04F79EFBC}") = "ChemPoint.GP.BusinessContracts", "ChemPoint.GP.BusinessContracts\ChemPoint.GP.BusinessContracts.csproj", "{2796A571-5FBF-4334-BD94-30487208440E}"
EndProject
Project("{FAE04EC0-301F-11D3-BF4B-00C04F79EFBC}") = "ChemPoint.GP.DataContracts", "ChemPoint.GP.DataContracts\ChemPoint.GP.DataContracts.csproj", "{69D1D1AC-6A78-4635-AB33-A9D92C51BFE6}"
EndProject
Project("{FAE04EC0-301F-11D3-BF4B-00C04F79EFBC}") = "ChemPoint.GP.Entities", "ChemPoint.GP.Entities\ChemPoint.GP.Entities.csproj", "{4CDD1441-BF38-44B6-B889-46746B9DFF26}"
EndProject
Project("{FAE04EC0-301F-11D3-BF4B-00C04F79EFBC}") = "Chempoint.GP.Model", "Chempoint.GP.Model\Chempoint.GP.Model.csproj", "{5C2D1212-DF15-4521-9AC0-4AE9A75AE09C}"
EndProject
Project("{2150E333-8FDC-42A3-9474-1A3956D46DE8}") = "Sales", "Sales", "{98BAA013-FF57-49EC-9A46-379071C6630F}"
EndProject
Project("{2150E333-8FDC-42A3-9474-1A3956D46DE8}") = "Purchase", "Purchase", "{37875518-BF98-4270-A768-81D57B001676}"
EndProject
Project("{2150E333-8FDC-42A3-9474-1A3956D46DE8}") = "Sales", "Sales", "{F4D2F2E9-DAAA-4992-961D-FFEAA5F16AED}"
EndProject
Project("{2150E333-8FDC-42A3-9474-1A3956D46DE8}") = "Inventory", "Inventory", "{D979FA11-32B8-4972-AC41-3C41BEE873AC}"
EndProject
Project("{2150E333-8FDC-42A3-9474-1A3956D46DE8}") = "Sales", "Sales", "{613351F5-810A-4739-8A5B-ABF4B37C1873}"
EndProject
Project("{2150E333-8FDC-42A3-9474-1A3956D46DE8}") = "Inventory", "Inventory", "{8FB57FAC-BEC3-45F2-B85A-8A34C7A59AD0}"
EndProject
Project("{2150E333-8FDC-42A3-9474-1A3956D46DE8}") = "BusinessContracts", "BusinessContracts", "{A68D32AD-E0AA-48D6-8932-5D0F7B7BE2BE}"
EndProject
Project("{2150E333-8FDC-42A3-9474-1A3956D46DE8}") = "DataContracts", "DataContracts", "{BE78F392-6FAE-48D0-8C7F-81B54F2F4BB4}"
EndProject
Project("{FAE04EC0-301F-11D3-BF4B-00C04F79EFBC}") = "Chempoint.GP.PO", "Chempoint.GP.PO\Chempoint.GP.PO.csproj", "{4CA30AC7-F6B2-486F-BD92-BA81214B5567}"
EndProject
Project("{FAE04EC0-301F-11D3-BF4B-00C04F79EFBC}") = "Chempoint.GP.InventoryBL", "Chempoint.GP.InventoryBL\Chempoint.GP.InventoryBL.csproj", "{B24F8AC7-CDD1-4489-A577-7D72C7C1102E}"
EndProject
Project("{FAE04EC0-301F-11D3-BF4B-00C04F79EFBC}") = "Chempoint.GP.InventoryDL", "Chempoint.GP.InventoryDL\Chempoint.GP.InventoryDL.csproj", "{E941BA9A-62CD-4B91-9EE4-AD3DC7E806D5}"
EndProject
Project("{2150E333-8FDC-42A3-9474-1A3956D46DE8}") = "Purchase", "Purchase", "{C319AF9B-AB5A-4036-AF53-294028AC8774}"
EndProject
Project("{FAE04EC0-301F-11D3-BF4B-00C04F79EFBC}") = "ChemPoint.GP.PODL", "ChemPoint.GP.PODL\ChemPoint.GP.PODL.csproj", "{00C85DD9-3D2A-455C-B77E-AE7070AF85F8}"
EndProject
Project("{2150E333-8FDC-42A3-9474-1A3956D46DE8}") = "Purchases", "Purchases", "{E359EDAF-A09D-4A69-9719-923806B9D49B}"
EndProject
Project("{FAE04EC0-301F-11D3-BF4B-00C04F79EFBC}") = "ChemPoint.GP.POBL", "ChemPoint.GP.POBL\ChemPoint.GP.POBL.csproj", "{42317F16-156A-4225-9712-C4D7F5A790B7}"
EndProject
Project("{2150E333-8FDC-42A3-9474-1A3956D46DE8}") = "Inventory", "Inventory", "{127C8071-CFB2-43E7-8F15-A0C941F0442F}"
EndProject
Project("{FAE04EC0-301F-11D3-BF4B-00C04F79EFBC}") = "ChemPoint.GP.Inventory", "ChemPoint.GP.Inventory\ChemPoint.GP.Inventory.csproj", "{8EC1C51A-BADB-4D55-B555-531335A894BD}"
EndProject
Project("{2150E333-8FDC-42A3-9474-1A3956D46DE8}") = "GP Utilities", "GP Utilities", "{1BD80F0A-3D1D-46E7-BFAA-879CF8E72C3B}"
EndProject
Project("{FAE04EC0-301F-11D3-BF4B-00C04F79EFBC}") = "ChemPoint.GP.CPServiceAuditLog", "ChemPoint.GP.CPServiceAuditLog\ChemPoint.GP.CPServiceAuditLog.csproj", "{8A8EDE7C-8686-4519-9262-FF768C834922}"
EndProject
Project("{2150E333-8FDC-42A3-9474-1A3956D46DE8}") = "GP Utilities", "GP Utilities", "{D0965597-78F5-4BAF-A973-DC6220FCB094}"
EndProject
Project("{FAE04EC0-301F-11D3-BF4B-00C04F79EFBC}") = "ChemPoint.Gp.CPServiceAuditLogBL", "ChemPoint.Gp.CPServiceAuditLogBL\ChemPoint.Gp.CPServiceAuditLogBL.csproj", "{D4E400B7-BA04-4879-8D98-B7BB83B1AE4C}"
EndProject
Project("{2150E333-8FDC-42A3-9474-1A3956D46DE8}") = "TaskScheduler", "TaskScheduler", "{A5AC2E96-E6DC-41CD-8C6A-AA8F08A7DFBD}"
EndProject
Project("{2150E333-8FDC-42A3-9474-1A3956D46DE8}") = "TaskScheduler", "TaskScheduler", "{DBF7EC11-0A91-4FFF-BB34-8823401F2071}"
EndProject
Project("{2150E333-8FDC-42A3-9474-1A3956D46DE8}") = "HoldEngine", "HoldEngine", "{3C6482E0-BABD-44CE-A28D-FA768D995F2A}"
EndProject
Project("{FAE04EC0-301F-11D3-BF4B-00C04F79EFBC}") = "Chempoint.GP.Infrastructure", "Chempoint.GP.Infrastructure\Chempoint.GP.Infrastructure.csproj", "{398EC9C4-077A-4F1A-87FC-BB3639006A78}"
EndProject
Project("{FAE04EC0-301F-11D3-BF4B-00C04F79EFBC}") = "ChemPoint.GP.HoldEngineBL", "ChemPoint.GP.HoldEngineBL\ChemPoint.GP.HoldEngineBL.csproj", "{AEEA8572-1198-4827-8458-4E53F73EA6C5}"
EndProject
Project("{FAE04EC0-301F-11D3-BF4B-00C04F79EFBC}") = "ChemPoint.GP.HoldEngineDL", "ChemPoint.GP.HoldEngineDL\ChemPoint.GP.HoldEngineDL.csproj", "{F472C463-A674-4FD5-B52A-A43F01427B65}"
EndProject
Project("{2150E333-8FDC-42A3-9474-1A3956D46DE8}") = "Setup", "Setup", "{FB322443-5895-4816-A0F7-933081B77D3A}"
EndProject
Project("{2150E333-8FDC-42A3-9474-1A3956D46DE8}") = "Setup", "Setup", "{42623D46-406A-48B0-9C93-0A0E4E1984FE}"
EndProject
Project("{FAE04EC0-301F-11D3-BF4B-00C04F79EFBC}") = "ChemPoint.GP.SetupDetailDL", "ChemPoint.GP.SetupDetailDL\ChemPoint.GP.SetupDetailDL.csproj", "{5C067ABE-6963-4B66-9D7F-2CCC14197998}"
EndProject
Project("{FAE04EC0-301F-11D3-BF4B-00C04F79EFBC}") = "ChemPoint.GP.SetupBL", "ChemPoint.GP.SetupBL\ChemPoint.GP.SetupBL.csproj", "{1EC2C7F1-62A0-4C64-B5CC-08602F89438C}"
EndProject
Project("{FAE04EC0-301F-11D3-BF4B-00C04F79EFBC}") = "Chempoint.GP.Setup", "Chempoint.GP.Setup\Chempoint.GP.Setup.csproj", "{09DA0676-4F02-4F84-80FB-57987F87A43E}"
EndProject
Project("{2150E333-8FDC-42A3-9474-1A3956D46DE8}") = "Setup", "Setup", "{9415D9C2-53B7-4586-BCA9-24FDF1D84805}"
EndProject
Project("{FAE04EC0-301F-11D3-BF4B-00C04F79EFBC}") = "ChemPoint.GP.OrderPostingBL", "ChemPoint.GP.OrderPostingBL\ChemPoint.GP.OrderPostingBL.csproj", "{F3FAFDE8-CB8A-45B7-AB21-DA4BE52D4659}"
EndProject
Project("{2150E333-8FDC-42A3-9474-1A3956D46DE8}") = "XRMServices", "XRMServices", "{410D8E46-9270-400B-8DE0-7A9CE559E658}"
EndProject
Project("{FAE04EC0-301F-11D3-BF4B-00C04F79EFBC}") = "ChemPoint.GP.XRMServices", "ChemPoint.GP.XRMServices\ChemPoint.GP.XRMServices.csproj", "{6FD7B394-3F4F-4790-9C95-B6524384F098}"
EndProject
Project("{2150E333-8FDC-42A3-9474-1A3956D46DE8}") = "Finance", "Finance", "{6202B3C7-AFFD-46DB-8799-750AE1C8091D}"
EndProject
Project("{FAE04EC0-301F-11D3-BF4B-00C04F79EFBC}") = "ChemPoint.TaxEngine", "ChemPoint.TaxEngine\ChemPoint.TaxEngine.csproj", "{031ECBD9-7F74-422C-A895-627CBB763EA3}"
EndProject
Project("{FAE04EC0-301F-11D3-BF4B-00C04F79EFBC}") = "ChemPoint.GP.SalesOrderCreateBL", "ChemPoint.GP.SalesOrderCreateBL\ChemPoint.GP.SalesOrderCreateBL.csproj", "{9748CC74-8A9A-46DC-9728-95CC3971222D}"
EndProject
Project("{FAE04EC0-301F-11D3-BF4B-00C04F79EFBC}") = "ChemPoint.GP.SalesOrderBL", "ChemPoint.GP.SalesOrderBL\ChemPoint.GP.SalesOrderBL.csproj", "{E1E3D68E-0406-40D1-84FB-0D7E47E62CF1}"
EndProject
Project("{FAE04EC0-301F-11D3-BF4B-00C04F79EFBC}") = "ChemPoint.GP.APIServices", "ChemPoint.GP.APIServices\ChemPoint.GP.APIServices.csproj", "{E795B84B-0D8C-4D74-BA79-2EBF3539AB76}"
EndProject
Project("{FAE04EC0-301F-11D3-BF4B-00C04F79EFBC}") = "TaskSchedularCreditHoldEngine", "TaskSchedularCreditHoldEngine\TaskSchedularCreditHoldEngine.csproj", "{5FFC25E6-AF48-40ED-AB7F-0B0C58C6EA5B}"
EndProject
Project("{2150E333-8FDC-42A3-9474-1A3956D46DE8}") = "TaskScheduler", "TaskScheduler", "{FDACAB99-4A5C-485E-91CE-76A28F99385E}"
EndProject
Project("{FAE04EC0-301F-11D3-BF4B-00C04F79EFBC}") = "TaskSchedularProcessHoldEngine", "TaskSchedularProcessHoldEngine\TaskSchedularProcessHoldEngine.csproj", "{DC797279-F855-4B05-923E-5D3AEE1FA399}"
EndProject
Project("{2150E333-8FDC-42A3-9474-1A3956D46DE8}") = "Account", "Account", "{786D3704-FAB3-47CA-AE9E-CF0E5A4AC3F4}"
EndProject
Project("{FAE04EC0-301F-11D3-BF4B-00C04F79EFBC}") = "ChemPoint.GP.AccountDL", "ChemPoint.GP.AccountDL\ChemPoint.GP.AccountDL.csproj", "{CD90852A-DF38-4FE9-A24E-DBA76AB025FC}"
EndProject
Project("{2150E333-8FDC-42A3-9474-1A3956D46DE8}") = "Account", "Account", "{A9D63B17-D13E-4A2C-9B38-233E01705C1C}"
EndProject
Project("{FAE04EC0-301F-11D3-BF4B-00C04F79EFBC}") = "ChemPoint.GP.AccountBL", "ChemPoint.GP.AccountBL\ChemPoint.GP.AccountBL.csproj", "{405C2082-074E-455A-831A-8C33BE8CF13F}"
EndProject
Project("{FAE04EC0-301F-11D3-BF4B-00C04F79EFBC}") = "ChemPoint.GP.PickTicketBL", "ChemPoint.GP.PickTicketBL\ChemPoint.GP.PickTicketBL.csproj", "{E1F6DFA4-07D9-43F7-BAB3-14F745817F65}"
EndProject
Project("{2150E333-8FDC-42A3-9474-1A3956D46DE8}") = "Unit Test", "Unit Test", "{E5C05E11-9EE6-497B-A92A-60169E4F54CB}"
EndProject
Project("{FAE04EC0-301F-11D3-BF4B-00C04F79EFBC}") = "PTTestApplication", "PTTestApplication\PTTestApplication.csproj", "{22922384-AF2D-43AD-8BC6-B5F94C2664EB}"
EndProject
Project("{FAE04EC0-301F-11D3-BF4B-00C04F79EFBC}") = "ChemPoint.GP.OrderPostingDL", "ChemPoint.GP.OrderPostingDL\ChemPoint.GP.OrderPostingDL.csproj", "{0C60E1C4-3623-4D80-B12A-F720CE8DA942}"
EndProject
Project("{2150E333-8FDC-42A3-9474-1A3956D46DE8}") = "Services", "Services", "{70C5824E-E349-4D98-8ACB-EFF39E0FFD68}"
EndProject
Project("{FAE04EC0-301F-11D3-BF4B-00C04F79EFBC}") = "ChemPoint.GP.EConnect", "ChemPoint.GP.EConnect\ChemPoint.GP.EConnect.csproj", "{956FFC14-C032-41A9-823A-2B07C55582DB}"
EndProject
Project("{FAE04EC0-301F-11D3-BF4B-00C04F79EFBC}") = "PickTicketTestService", "PickTicketTestService\PickTicketTestService.csproj", "{85F31FFF-669E-4514-94C9-BEF4E5546442}"
EndProject
Project("{FAE04EC0-301F-11D3-BF4B-00C04F79EFBC}") = "ChemPoint.TransferToFO.Library", "ChemPoint.TransferToFO.Library\ChemPoint.TransferToFO.Library.csproj", "{FA478BCE-CFEA-46E7-AB12-EBD8B98F9AB6}"
EndProject
Project("{FAE04EC0-301F-11D3-BF4B-00C04F79EFBC}") = "Chempoint.CashApplicationProcess.Engine", "Chempoint.CashApplicationProcess.Engine\Chempoint.CashApplicationProcess.Engine.csproj", "{344C8B2D-16D2-478F-BFFD-AFF3EF5204EC}"
EndProject
Project("{FAE04EC0-301F-11D3-BF4B-00C04F79EFBC}") = "Chempoint.GP.RM", "Chempoint.GP.RM\Chempoint.GP.RM.csproj", "{A2DC5F61-421D-443C-B968-2E3A0875D546}"
EndProject
Project("{FAE04EC0-301F-11D3-BF4B-00C04F79EFBC}") = "ChemPoint.GP.Email", "ChemPoint.GP.Email\ChemPoint.GP.Email.csproj", "{7C512DE2-AB28-4D56-B904-CA6D4BF75FF0}"
EndProject
Project("{FAE04EC0-301F-11D3-BF4B-00C04F79EFBC}") = "ChemPoint.GP.EmailDL", "ChemPoint.GP.EmailDL\ChemPoint.GP.EmailDL.csproj", "{090A9890-20D9-4F14-96DA-1D1A6BDBF5AC}"
EndProject
Project("{FAE04EC0-301F-11D3-BF4B-00C04F79EFBC}") = "Chempoint.FTPutility", "Chempoint.FTPutility\Chempoint.FTPutility.csproj", "{1C0A76E5-FFA7-4CE6-A74D-3EF8B177B2E1}"
EndProject
Project("{FAE04EC0-301F-11D3-BF4B-00C04F79EFBC}") = "Chempoint.ReportUploader", "Chempoint.ReportUploader\Chempoint.ReportUploader.csproj", "{BD89A640-A0E9-42FF-BB51-CF4C7F988FA6}"
EndProject
Project("{2150E333-8FDC-42A3-9474-1A3956D46DE8}") = "Utilities", "Utilities", "{A093AD57-A433-473A-B87E-E377D2BD9D6E}"
EndProject
Project("{FAE04EC0-301F-11D3-BF4B-00C04F79EFBC}") = "Chempoint.Cryptography", "Chempoint.Cryptography\Chempoint.Cryptography.csproj", "{3B09BEF7-8512-434F-8895-AC310C44E031}"
EndProject
Project("{2150E333-8FDC-42A3-9474-1A3956D46DE8}") = "FTP", "FTP", "{B9F7A428-A0A5-477C-87D8-BAD67F79F61E}"
EndProject
Project("{FAE04EC0-301F-11D3-BF4B-00C04F79EFBC}") = "Chempoint.GP.FtpBL", "Chempoint.GP.FtpBL\Chempoint.GP.FtpBL.csproj", "{A6B20952-D6D7-4E00-9BA7-FC0EFC64A26C}"
EndProject
Project("{2150E333-8FDC-42A3-9474-1A3956D46DE8}") = "Utilities", "Utilities", "{34680B50-D12C-477F-BA27-EE6430F36F79}"
EndProject
Project("{FAE04EC0-301F-11D3-BF4B-00C04F79EFBC}") = "Chempoint.GP.CryptoBL", "Chempoint.GP.CryptoBL\Chempoint.GP.CryptoBL.csproj", "{F4BD51F1-198D-46FE-8434-2C2C028BEDFE}"
EndProject
Project("{FAE04EC0-301F-11D3-BF4B-00C04F79EFBC}") = "Chempoint.GP.FtpDL", "Chempoint.GP.FtpDL\Chempoint.GP.FtpDL.csproj", "{A25B0563-3079-4997-A229-FB0A2158717B}"
EndProject
Project("{2150E333-8FDC-42A3-9474-1A3956D46DE8}") = "Utilities", "Utilities", "{5D59D53B-97B5-434E-B75E-F61A70AD081B}"
EndProject
Project("{FAE04EC0-301F-11D3-BF4B-00C04F79EFBC}") = "Chempoint.GP.CryptoDL", "Chempoint.GP.CryptoDL\Chempoint.GP.CryptoDL.csproj", "{FE2F0C2C-D9E6-4CBA-94F6-A0D4007864CE}"
EndProject
Project("{FAE04EC0-301F-11D3-BF4B-00C04F79EFBC}") = "Chempoint.GP.SupplyChainActivity", "Chempoint.GP.SupplyChainActivity\Chempoint.GP.SupplyChainActivity.csproj", "{2D840D5B-CC0F-420F-A799-393760194D74}"
EndProject
Project("{FAE04EC0-301F-11D3-BF4B-00C04F79EFBC}") = "Chempoint.GP.ReceivablesBL", "Chempoint.GP.ReceivablesBL\Chempoint.GP.ReceivablesBL.csproj", "{5DAF91A9-A3CD-48A1-8984-98D4770BB88F}"
EndProject
Project("{FAE04EC0-301F-11D3-BF4B-00C04F79EFBC}") = "ChemPoint.GP.ReceivablesDL", "ReceivablesDL\ChemPoint.GP.ReceivablesDL.csproj", "{CBC99F0A-51CD-4442-88A4-E3DFC89EEF3A}"
EndProject
Project("{FAE04EC0-301F-11D3-BF4B-00C04F79EFBC}") = "ChemPoint.GP.APIOutFileGenerator", "ChemPoint.GP.APIOutFileGenerator\ChemPoint.GP.APIOutFileGenerator.csproj", "{00731DB4-6DAC-488E-9DA8-8EC868C50FF9}"
EndProject
Project("{FAE04EC0-301F-11D3-BF4B-00C04F79EFBC}") = "Chempoint.GP.APIToGP", "Chempoint.GP.APOut\Chempoint.GP.APIToGP.csproj", "{341B9AED-38C1-4134-A8F6-E79733D62960}"
EndProject
Project("{FAE04EC0-301F-11D3-BF4B-00C04F79EFBC}") = "Chempoint.GP.CTSIToGP", "Chempoint.GP.CTSIToGP\Chempoint.GP.CTSIToGP.csproj", "{211414C2-D1E4-42E5-8998-49E3EE6BED61}"
EndProject
Project("{FAE04EC0-301F-11D3-BF4B-00C04F79EFBC}") = "ChemPoint.GP.PM", "ChemPoint.GP.PM\ChemPoint.GP.PM.csproj", "{391F93DE-F922-4F64-9BD9-2874782EF7F9}"
EndProject
Project("{2150E333-8FDC-42A3-9474-1A3956D46DE8}") = "PM", "PM", "{ED414B97-7D69-4A60-B599-72E2CEBB2DFA}"
EndProject
Project("{FAE04EC0-301F-11D3-BF4B-00C04F79EFBC}") = "ChemPoint.GP.PMBL", "ChemPoint.GP.PMBL\ChemPoint.GP.PMBL.csproj", "{908D07A5-53FD-4122-80F2-926C6869D23C}"
EndProject
Project("{2150E333-8FDC-42A3-9474-1A3956D46DE8}") = "PM", "PM", "{A8FBB470-C653-4F6F-A297-82A7BD7F76F1}"
EndProject
Project("{FAE04EC0-301F-11D3-BF4B-00C04F79EFBC}") = "ChemPoint.GP.PMDL", "Chempoint.GP.PMDL\ChemPoint.GP.PMDL.csproj", "{7C60CD6F-334C-4D91-8C83-38A2ABD7ABB6}"
EndProject
Project("{FAE04EC0-301F-11D3-BF4B-00C04F79EFBC}") = "ChemPoint.GP.CTSIFileGenerator", "ChemPoint.GP.CTSIFileGenerator\ChemPoint.GP.CTSIFileGenerator.csproj", "{8996A582-5F8F-4F4D-AC09-F68D7291EEF3}"
EndProject
Global
	GlobalSection(SolutionConfigurationPlatforms) = preSolution
		Debug|Any CPU = Debug|Any CPU
		Release|Any CPU = Release|Any CPU
	EndGlobalSection
	GlobalSection(ProjectConfigurationPlatforms) = postSolution
		{81232B9F-083A-4A46-A70F-806287D53083}.Debug|Any CPU.ActiveCfg = Debug|Any CPU
		{81232B9F-083A-4A46-A70F-806287D53083}.Debug|Any CPU.Build.0 = Debug|Any CPU
		{81232B9F-083A-4A46-A70F-806287D53083}.Release|Any CPU.ActiveCfg = Release|Any CPU
		{81232B9F-083A-4A46-A70F-806287D53083}.Release|Any CPU.Build.0 = Release|Any CPU
		{7DBEA2EE-C068-4378-9B8D-2614538367F0}.Debug|Any CPU.ActiveCfg = Debug|Any CPU
		{7DBEA2EE-C068-4378-9B8D-2614538367F0}.Debug|Any CPU.Build.0 = Debug|Any CPU
		{7DBEA2EE-C068-4378-9B8D-2614538367F0}.Release|Any CPU.ActiveCfg = Release|Any CPU
		{7DBEA2EE-C068-4378-9B8D-2614538367F0}.Release|Any CPU.Build.0 = Release|Any CPU
		{2796A571-5FBF-4334-BD94-30487208440E}.Debug|Any CPU.ActiveCfg = Debug|Any CPU
		{2796A571-5FBF-4334-BD94-30487208440E}.Debug|Any CPU.Build.0 = Debug|Any CPU
		{2796A571-5FBF-4334-BD94-30487208440E}.Release|Any CPU.ActiveCfg = Release|Any CPU
		{2796A571-5FBF-4334-BD94-30487208440E}.Release|Any CPU.Build.0 = Release|Any CPU
		{69D1D1AC-6A78-4635-AB33-A9D92C51BFE6}.Debug|Any CPU.ActiveCfg = Debug|Any CPU
		{69D1D1AC-6A78-4635-AB33-A9D92C51BFE6}.Debug|Any CPU.Build.0 = Debug|Any CPU
		{69D1D1AC-6A78-4635-AB33-A9D92C51BFE6}.Release|Any CPU.ActiveCfg = Release|Any CPU
		{69D1D1AC-6A78-4635-AB33-A9D92C51BFE6}.Release|Any CPU.Build.0 = Release|Any CPU
		{4CDD1441-BF38-44B6-B889-46746B9DFF26}.Debug|Any CPU.ActiveCfg = Debug|Any CPU
		{4CDD1441-BF38-44B6-B889-46746B9DFF26}.Debug|Any CPU.Build.0 = Debug|Any CPU
		{4CDD1441-BF38-44B6-B889-46746B9DFF26}.Release|Any CPU.ActiveCfg = Release|Any CPU
		{4CDD1441-BF38-44B6-B889-46746B9DFF26}.Release|Any CPU.Build.0 = Release|Any CPU
		{5C2D1212-DF15-4521-9AC0-4AE9A75AE09C}.Debug|Any CPU.ActiveCfg = Debug|Any CPU
		{5C2D1212-DF15-4521-9AC0-4AE9A75AE09C}.Debug|Any CPU.Build.0 = Debug|Any CPU
		{5C2D1212-DF15-4521-9AC0-4AE9A75AE09C}.Release|Any CPU.ActiveCfg = Release|Any CPU
		{5C2D1212-DF15-4521-9AC0-4AE9A75AE09C}.Release|Any CPU.Build.0 = Release|Any CPU
		{4CA30AC7-F6B2-486F-BD92-BA81214B5567}.Debug|Any CPU.ActiveCfg = Debug|Any CPU
		{4CA30AC7-F6B2-486F-BD92-BA81214B5567}.Debug|Any CPU.Build.0 = Debug|Any CPU
		{4CA30AC7-F6B2-486F-BD92-BA81214B5567}.Release|Any CPU.ActiveCfg = Release|Any CPU
		{4CA30AC7-F6B2-486F-BD92-BA81214B5567}.Release|Any CPU.Build.0 = Release|Any CPU
		{B24F8AC7-CDD1-4489-A577-7D72C7C1102E}.Debug|Any CPU.ActiveCfg = Debug|Any CPU
		{B24F8AC7-CDD1-4489-A577-7D72C7C1102E}.Debug|Any CPU.Build.0 = Debug|Any CPU
		{B24F8AC7-CDD1-4489-A577-7D72C7C1102E}.Release|Any CPU.ActiveCfg = Release|Any CPU
		{B24F8AC7-CDD1-4489-A577-7D72C7C1102E}.Release|Any CPU.Build.0 = Release|Any CPU
		{E941BA9A-62CD-4B91-9EE4-AD3DC7E806D5}.Debug|Any CPU.ActiveCfg = Debug|Any CPU
		{E941BA9A-62CD-4B91-9EE4-AD3DC7E806D5}.Debug|Any CPU.Build.0 = Debug|Any CPU
		{E941BA9A-62CD-4B91-9EE4-AD3DC7E806D5}.Release|Any CPU.ActiveCfg = Release|Any CPU
		{E941BA9A-62CD-4B91-9EE4-AD3DC7E806D5}.Release|Any CPU.Build.0 = Release|Any CPU
		{00C85DD9-3D2A-455C-B77E-AE7070AF85F8}.Debug|Any CPU.ActiveCfg = Debug|Any CPU
		{00C85DD9-3D2A-455C-B77E-AE7070AF85F8}.Debug|Any CPU.Build.0 = Debug|Any CPU
		{00C85DD9-3D2A-455C-B77E-AE7070AF85F8}.Release|Any CPU.ActiveCfg = Release|Any CPU
		{00C85DD9-3D2A-455C-B77E-AE7070AF85F8}.Release|Any CPU.Build.0 = Release|Any CPU
		{42317F16-156A-4225-9712-C4D7F5A790B7}.Debug|Any CPU.ActiveCfg = Debug|Any CPU
		{42317F16-156A-4225-9712-C4D7F5A790B7}.Debug|Any CPU.Build.0 = Debug|Any CPU
		{42317F16-156A-4225-9712-C4D7F5A790B7}.Release|Any CPU.ActiveCfg = Release|Any CPU
		{42317F16-156A-4225-9712-C4D7F5A790B7}.Release|Any CPU.Build.0 = Release|Any CPU
		{8EC1C51A-BADB-4D55-B555-531335A894BD}.Debug|Any CPU.ActiveCfg = Debug|Any CPU
		{8EC1C51A-BADB-4D55-B555-531335A894BD}.Debug|Any CPU.Build.0 = Debug|Any CPU
		{8EC1C51A-BADB-4D55-B555-531335A894BD}.Release|Any CPU.ActiveCfg = Release|Any CPU
		{8EC1C51A-BADB-4D55-B555-531335A894BD}.Release|Any CPU.Build.0 = Release|Any CPU
		{8A8EDE7C-8686-4519-9262-FF768C834922}.Debug|Any CPU.ActiveCfg = Debug|Any CPU
		{8A8EDE7C-8686-4519-9262-FF768C834922}.Debug|Any CPU.Build.0 = Debug|Any CPU
		{8A8EDE7C-8686-4519-9262-FF768C834922}.Release|Any CPU.ActiveCfg = Release|Any CPU
		{8A8EDE7C-8686-4519-9262-FF768C834922}.Release|Any CPU.Build.0 = Release|Any CPU
		{D4E400B7-BA04-4879-8D98-B7BB83B1AE4C}.Debug|Any CPU.ActiveCfg = Debug|Any CPU
		{D4E400B7-BA04-4879-8D98-B7BB83B1AE4C}.Debug|Any CPU.Build.0 = Debug|Any CPU
		{D4E400B7-BA04-4879-8D98-B7BB83B1AE4C}.Release|Any CPU.ActiveCfg = Release|Any CPU
		{D4E400B7-BA04-4879-8D98-B7BB83B1AE4C}.Release|Any CPU.Build.0 = Release|Any CPU
		{398EC9C4-077A-4F1A-87FC-BB3639006A78}.Debug|Any CPU.ActiveCfg = Debug|Any CPU
		{398EC9C4-077A-4F1A-87FC-BB3639006A78}.Debug|Any CPU.Build.0 = Debug|Any CPU
		{398EC9C4-077A-4F1A-87FC-BB3639006A78}.Release|Any CPU.ActiveCfg = Release|Any CPU
		{398EC9C4-077A-4F1A-87FC-BB3639006A78}.Release|Any CPU.Build.0 = Release|Any CPU
		{AEEA8572-1198-4827-8458-4E53F73EA6C5}.Debug|Any CPU.ActiveCfg = Debug|Any CPU
		{AEEA8572-1198-4827-8458-4E53F73EA6C5}.Debug|Any CPU.Build.0 = Debug|Any CPU
		{AEEA8572-1198-4827-8458-4E53F73EA6C5}.Release|Any CPU.ActiveCfg = Release|Any CPU
		{AEEA8572-1198-4827-8458-4E53F73EA6C5}.Release|Any CPU.Build.0 = Release|Any CPU
		{F472C463-A674-4FD5-B52A-A43F01427B65}.Debug|Any CPU.ActiveCfg = Debug|Any CPU
		{F472C463-A674-4FD5-B52A-A43F01427B65}.Debug|Any CPU.Build.0 = Debug|Any CPU
		{F472C463-A674-4FD5-B52A-A43F01427B65}.Release|Any CPU.ActiveCfg = Release|Any CPU
		{F472C463-A674-4FD5-B52A-A43F01427B65}.Release|Any CPU.Build.0 = Release|Any CPU
		{5C067ABE-6963-4B66-9D7F-2CCC14197998}.Debug|Any CPU.ActiveCfg = Debug|Any CPU
		{5C067ABE-6963-4B66-9D7F-2CCC14197998}.Debug|Any CPU.Build.0 = Debug|Any CPU
		{5C067ABE-6963-4B66-9D7F-2CCC14197998}.Release|Any CPU.ActiveCfg = Release|Any CPU
		{5C067ABE-6963-4B66-9D7F-2CCC14197998}.Release|Any CPU.Build.0 = Release|Any CPU
		{1EC2C7F1-62A0-4C64-B5CC-08602F89438C}.Debug|Any CPU.ActiveCfg = Debug|Any CPU
		{1EC2C7F1-62A0-4C64-B5CC-08602F89438C}.Debug|Any CPU.Build.0 = Debug|Any CPU
		{1EC2C7F1-62A0-4C64-B5CC-08602F89438C}.Release|Any CPU.ActiveCfg = Release|Any CPU
		{1EC2C7F1-62A0-4C64-B5CC-08602F89438C}.Release|Any CPU.Build.0 = Release|Any CPU
		{09DA0676-4F02-4F84-80FB-57987F87A43E}.Debug|Any CPU.ActiveCfg = Debug|Any CPU
		{09DA0676-4F02-4F84-80FB-57987F87A43E}.Debug|Any CPU.Build.0 = Debug|Any CPU
		{09DA0676-4F02-4F84-80FB-57987F87A43E}.Release|Any CPU.ActiveCfg = Release|Any CPU
		{09DA0676-4F02-4F84-80FB-57987F87A43E}.Release|Any CPU.Build.0 = Release|Any CPU
		{F3FAFDE8-CB8A-45B7-AB21-DA4BE52D4659}.Debug|Any CPU.ActiveCfg = Debug|Any CPU
		{F3FAFDE8-CB8A-45B7-AB21-DA4BE52D4659}.Debug|Any CPU.Build.0 = Debug|Any CPU
		{F3FAFDE8-CB8A-45B7-AB21-DA4BE52D4659}.Release|Any CPU.ActiveCfg = Release|Any CPU
		{F3FAFDE8-CB8A-45B7-AB21-DA4BE52D4659}.Release|Any CPU.Build.0 = Release|Any CPU
		{6FD7B394-3F4F-4790-9C95-B6524384F098}.Debug|Any CPU.ActiveCfg = Debug|Any CPU
		{6FD7B394-3F4F-4790-9C95-B6524384F098}.Debug|Any CPU.Build.0 = Debug|Any CPU
		{6FD7B394-3F4F-4790-9C95-B6524384F098}.Release|Any CPU.ActiveCfg = Release|Any CPU
		{6FD7B394-3F4F-4790-9C95-B6524384F098}.Release|Any CPU.Build.0 = Release|Any CPU
		{031ECBD9-7F74-422C-A895-627CBB763EA3}.Debug|Any CPU.ActiveCfg = Debug|Any CPU
		{031ECBD9-7F74-422C-A895-627CBB763EA3}.Debug|Any CPU.Build.0 = Debug|Any CPU
		{031ECBD9-7F74-422C-A895-627CBB763EA3}.Release|Any CPU.ActiveCfg = Release|Any CPU
		{031ECBD9-7F74-422C-A895-627CBB763EA3}.Release|Any CPU.Build.0 = Release|Any CPU
		{9748CC74-8A9A-46DC-9728-95CC3971222D}.Debug|Any CPU.ActiveCfg = Debug|Any CPU
		{9748CC74-8A9A-46DC-9728-95CC3971222D}.Debug|Any CPU.Build.0 = Debug|Any CPU
		{9748CC74-8A9A-46DC-9728-95CC3971222D}.Release|Any CPU.ActiveCfg = Release|Any CPU
		{9748CC74-8A9A-46DC-9728-95CC3971222D}.Release|Any CPU.Build.0 = Release|Any CPU
		{E1E3D68E-0406-40D1-84FB-0D7E47E62CF1}.Debug|Any CPU.ActiveCfg = Debug|Any CPU
		{E1E3D68E-0406-40D1-84FB-0D7E47E62CF1}.Debug|Any CPU.Build.0 = Debug|Any CPU
		{E1E3D68E-0406-40D1-84FB-0D7E47E62CF1}.Release|Any CPU.ActiveCfg = Release|Any CPU
		{E1E3D68E-0406-40D1-84FB-0D7E47E62CF1}.Release|Any CPU.Build.0 = Release|Any CPU
		{E795B84B-0D8C-4D74-BA79-2EBF3539AB76}.Debug|Any CPU.ActiveCfg = Debug|Any CPU
		{E795B84B-0D8C-4D74-BA79-2EBF3539AB76}.Debug|Any CPU.Build.0 = Debug|Any CPU
		{E795B84B-0D8C-4D74-BA79-2EBF3539AB76}.Release|Any CPU.ActiveCfg = Release|Any CPU
		{E795B84B-0D8C-4D74-BA79-2EBF3539AB76}.Release|Any CPU.Build.0 = Release|Any CPU
		{5FFC25E6-AF48-40ED-AB7F-0B0C58C6EA5B}.Debug|Any CPU.ActiveCfg = Debug|Any CPU
		{5FFC25E6-AF48-40ED-AB7F-0B0C58C6EA5B}.Debug|Any CPU.Build.0 = Debug|Any CPU
		{5FFC25E6-AF48-40ED-AB7F-0B0C58C6EA5B}.Release|Any CPU.ActiveCfg = Release|Any CPU
		{5FFC25E6-AF48-40ED-AB7F-0B0C58C6EA5B}.Release|Any CPU.Build.0 = Release|Any CPU
		{DC797279-F855-4B05-923E-5D3AEE1FA399}.Debug|Any CPU.ActiveCfg = Debug|Any CPU
		{DC797279-F855-4B05-923E-5D3AEE1FA399}.Debug|Any CPU.Build.0 = Debug|Any CPU
		{DC797279-F855-4B05-923E-5D3AEE1FA399}.Release|Any CPU.ActiveCfg = Release|Any CPU
		{DC797279-F855-4B05-923E-5D3AEE1FA399}.Release|Any CPU.Build.0 = Release|Any CPU
		{CD90852A-DF38-4FE9-A24E-DBA76AB025FC}.Debug|Any CPU.ActiveCfg = Debug|Any CPU
		{CD90852A-DF38-4FE9-A24E-DBA76AB025FC}.Debug|Any CPU.Build.0 = Debug|Any CPU
		{CD90852A-DF38-4FE9-A24E-DBA76AB025FC}.Release|Any CPU.ActiveCfg = Release|Any CPU
		{CD90852A-DF38-4FE9-A24E-DBA76AB025FC}.Release|Any CPU.Build.0 = Release|Any CPU
		{405C2082-074E-455A-831A-8C33BE8CF13F}.Debug|Any CPU.ActiveCfg = Debug|Any CPU
		{405C2082-074E-455A-831A-8C33BE8CF13F}.Debug|Any CPU.Build.0 = Debug|Any CPU
		{405C2082-074E-455A-831A-8C33BE8CF13F}.Release|Any CPU.ActiveCfg = Release|Any CPU
		{405C2082-074E-455A-831A-8C33BE8CF13F}.Release|Any CPU.Build.0 = Release|Any CPU
		{E1F6DFA4-07D9-43F7-BAB3-14F745817F65}.Debug|Any CPU.ActiveCfg = Debug|Any CPU
		{E1F6DFA4-07D9-43F7-BAB3-14F745817F65}.Debug|Any CPU.Build.0 = Debug|Any CPU
		{E1F6DFA4-07D9-43F7-BAB3-14F745817F65}.Release|Any CPU.ActiveCfg = Release|Any CPU
		{E1F6DFA4-07D9-43F7-BAB3-14F745817F65}.Release|Any CPU.Build.0 = Release|Any CPU
		{22922384-AF2D-43AD-8BC6-B5F94C2664EB}.Debug|Any CPU.ActiveCfg = Debug|Any CPU
		{22922384-AF2D-43AD-8BC6-B5F94C2664EB}.Debug|Any CPU.Build.0 = Debug|Any CPU
		{22922384-AF2D-43AD-8BC6-B5F94C2664EB}.Release|Any CPU.ActiveCfg = Release|Any CPU
		{22922384-AF2D-43AD-8BC6-B5F94C2664EB}.Release|Any CPU.Build.0 = Release|Any CPU
		{0C60E1C4-3623-4D80-B12A-F720CE8DA942}.Debug|Any CPU.ActiveCfg = Debug|Any CPU
		{0C60E1C4-3623-4D80-B12A-F720CE8DA942}.Debug|Any CPU.Build.0 = Debug|Any CPU
		{0C60E1C4-3623-4D80-B12A-F720CE8DA942}.Release|Any CPU.ActiveCfg = Release|Any CPU
		{0C60E1C4-3623-4D80-B12A-F720CE8DA942}.Release|Any CPU.Build.0 = Release|Any CPU
		{956FFC14-C032-41A9-823A-2B07C55582DB}.Debug|Any CPU.ActiveCfg = Debug|Any CPU
		{956FFC14-C032-41A9-823A-2B07C55582DB}.Debug|Any CPU.Build.0 = Debug|Any CPU
		{956FFC14-C032-41A9-823A-2B07C55582DB}.Release|Any CPU.ActiveCfg = Release|Any CPU
		{956FFC14-C032-41A9-823A-2B07C55582DB}.Release|Any CPU.Build.0 = Release|Any CPU
		{85F31FFF-669E-4514-94C9-BEF4E5546442}.Debug|Any CPU.ActiveCfg = Debug|Any CPU
		{85F31FFF-669E-4514-94C9-BEF4E5546442}.Debug|Any CPU.Build.0 = Debug|Any CPU
		{85F31FFF-669E-4514-94C9-BEF4E5546442}.Release|Any CPU.ActiveCfg = Release|Any CPU
		{85F31FFF-669E-4514-94C9-BEF4E5546442}.Release|Any CPU.Build.0 = Release|Any CPU
		{FA478BCE-CFEA-46E7-AB12-EBD8B98F9AB6}.Debug|Any CPU.ActiveCfg = Debug|Any CPU
		{FA478BCE-CFEA-46E7-AB12-EBD8B98F9AB6}.Debug|Any CPU.Build.0 = Debug|Any CPU
		{FA478BCE-CFEA-46E7-AB12-EBD8B98F9AB6}.Release|Any CPU.ActiveCfg = Release|Any CPU
		{FA478BCE-CFEA-46E7-AB12-EBD8B98F9AB6}.Release|Any CPU.Build.0 = Release|Any CPU
		{344C8B2D-16D2-478F-BFFD-AFF3EF5204EC}.Debug|Any CPU.ActiveCfg = Debug|Any CPU
		{344C8B2D-16D2-478F-BFFD-AFF3EF5204EC}.Debug|Any CPU.Build.0 = Debug|Any CPU
		{344C8B2D-16D2-478F-BFFD-AFF3EF5204EC}.Release|Any CPU.ActiveCfg = Release|Any CPU
		{344C8B2D-16D2-478F-BFFD-AFF3EF5204EC}.Release|Any CPU.Build.0 = Release|Any CPU
		{A2DC5F61-421D-443C-B968-2E3A0875D546}.Debug|Any CPU.ActiveCfg = Debug|Any CPU
		{A2DC5F61-421D-443C-B968-2E3A0875D546}.Debug|Any CPU.Build.0 = Debug|Any CPU
		{A2DC5F61-421D-443C-B968-2E3A0875D546}.Release|Any CPU.ActiveCfg = Release|Any CPU
		{A2DC5F61-421D-443C-B968-2E3A0875D546}.Release|Any CPU.Build.0 = Release|Any CPU
		{7C512DE2-AB28-4D56-B904-CA6D4BF75FF0}.Debug|Any CPU.ActiveCfg = Debug|Any CPU
		{7C512DE2-AB28-4D56-B904-CA6D4BF75FF0}.Debug|Any CPU.Build.0 = Debug|Any CPU
		{7C512DE2-AB28-4D56-B904-CA6D4BF75FF0}.Release|Any CPU.ActiveCfg = Release|Any CPU
		{7C512DE2-AB28-4D56-B904-CA6D4BF75FF0}.Release|Any CPU.Build.0 = Release|Any CPU
		{090A9890-20D9-4F14-96DA-1D1A6BDBF5AC}.Debug|Any CPU.ActiveCfg = Debug|Any CPU
		{090A9890-20D9-4F14-96DA-1D1A6BDBF5AC}.Debug|Any CPU.Build.0 = Debug|Any CPU
		{090A9890-20D9-4F14-96DA-1D1A6BDBF5AC}.Release|Any CPU.ActiveCfg = Release|Any CPU
		{090A9890-20D9-4F14-96DA-1D1A6BDBF5AC}.Release|Any CPU.Build.0 = Release|Any CPU
		{1C0A76E5-FFA7-4CE6-A74D-3EF8B177B2E1}.Debug|Any CPU.ActiveCfg = Debug|Any CPU
		{1C0A76E5-FFA7-4CE6-A74D-3EF8B177B2E1}.Debug|Any CPU.Build.0 = Debug|Any CPU
		{1C0A76E5-FFA7-4CE6-A74D-3EF8B177B2E1}.Release|Any CPU.ActiveCfg = Release|Any CPU
		{1C0A76E5-FFA7-4CE6-A74D-3EF8B177B2E1}.Release|Any CPU.Build.0 = Release|Any CPU
		{BD89A640-A0E9-42FF-BB51-CF4C7F988FA6}.Debug|Any CPU.ActiveCfg = Debug|Any CPU
		{BD89A640-A0E9-42FF-BB51-CF4C7F988FA6}.Debug|Any CPU.Build.0 = Debug|Any CPU
		{BD89A640-A0E9-42FF-BB51-CF4C7F988FA6}.Release|Any CPU.ActiveCfg = Release|Any CPU
		{BD89A640-A0E9-42FF-BB51-CF4C7F988FA6}.Release|Any CPU.Build.0 = Release|Any CPU
		{3B09BEF7-8512-434F-8895-AC310C44E031}.Debug|Any CPU.ActiveCfg = Debug|Any CPU
		{3B09BEF7-8512-434F-8895-AC310C44E031}.Debug|Any CPU.Build.0 = Debug|Any CPU
		{3B09BEF7-8512-434F-8895-AC310C44E031}.Release|Any CPU.ActiveCfg = Release|Any CPU
		{3B09BEF7-8512-434F-8895-AC310C44E031}.Release|Any CPU.Build.0 = Release|Any CPU
		{A6B20952-D6D7-4E00-9BA7-FC0EFC64A26C}.Debug|Any CPU.ActiveCfg = Debug|Any CPU
		{A6B20952-D6D7-4E00-9BA7-FC0EFC64A26C}.Debug|Any CPU.Build.0 = Debug|Any CPU
		{A6B20952-D6D7-4E00-9BA7-FC0EFC64A26C}.Release|Any CPU.ActiveCfg = Release|Any CPU
		{A6B20952-D6D7-4E00-9BA7-FC0EFC64A26C}.Release|Any CPU.Build.0 = Release|Any CPU
		{F4BD51F1-198D-46FE-8434-2C2C028BEDFE}.Debug|Any CPU.ActiveCfg = Debug|Any CPU
		{F4BD51F1-198D-46FE-8434-2C2C028BEDFE}.Debug|Any CPU.Build.0 = Debug|Any CPU
		{F4BD51F1-198D-46FE-8434-2C2C028BEDFE}.Release|Any CPU.ActiveCfg = Release|Any CPU
		{F4BD51F1-198D-46FE-8434-2C2C028BEDFE}.Release|Any CPU.Build.0 = Release|Any CPU
		{A25B0563-3079-4997-A229-FB0A2158717B}.Debug|Any CPU.ActiveCfg = Debug|Any CPU
		{A25B0563-3079-4997-A229-FB0A2158717B}.Debug|Any CPU.Build.0 = Debug|Any CPU
		{A25B0563-3079-4997-A229-FB0A2158717B}.Release|Any CPU.ActiveCfg = Release|Any CPU
		{A25B0563-3079-4997-A229-FB0A2158717B}.Release|Any CPU.Build.0 = Release|Any CPU
		{FE2F0C2C-D9E6-4CBA-94F6-A0D4007864CE}.Debug|Any CPU.ActiveCfg = Debug|Any CPU
		{FE2F0C2C-D9E6-4CBA-94F6-A0D4007864CE}.Debug|Any CPU.Build.0 = Debug|Any CPU
		{FE2F0C2C-D9E6-4CBA-94F6-A0D4007864CE}.Release|Any CPU.ActiveCfg = Release|Any CPU
		{FE2F0C2C-D9E6-4CBA-94F6-A0D4007864CE}.Release|Any CPU.Build.0 = Release|Any CPU
		{2D840D5B-CC0F-420F-A799-393760194D74}.Debug|Any CPU.ActiveCfg = Debug|Any CPU
		{2D840D5B-CC0F-420F-A799-393760194D74}.Debug|Any CPU.Build.0 = Debug|Any CPU
		{2D840D5B-CC0F-420F-A799-393760194D74}.Release|Any CPU.ActiveCfg = Release|Any CPU
		{2D840D5B-CC0F-420F-A799-393760194D74}.Release|Any CPU.Build.0 = Release|Any CPU
		{5DAF91A9-A3CD-48A1-8984-98D4770BB88F}.Debug|Any CPU.ActiveCfg = Debug|Any CPU
		{5DAF91A9-A3CD-48A1-8984-98D4770BB88F}.Debug|Any CPU.Build.0 = Debug|Any CPU
		{5DAF91A9-A3CD-48A1-8984-98D4770BB88F}.Release|Any CPU.ActiveCfg = Release|Any CPU
		{5DAF91A9-A3CD-48A1-8984-98D4770BB88F}.Release|Any CPU.Build.0 = Release|Any CPU
		{CBC99F0A-51CD-4442-88A4-E3DFC89EEF3A}.Debug|Any CPU.ActiveCfg = Debug|Any CPU
		{CBC99F0A-51CD-4442-88A4-E3DFC89EEF3A}.Debug|Any CPU.Build.0 = Debug|Any CPU
		{CBC99F0A-51CD-4442-88A4-E3DFC89EEF3A}.Release|Any CPU.ActiveCfg = Release|Any CPU
		{CBC99F0A-51CD-4442-88A4-E3DFC89EEF3A}.Release|Any CPU.Build.0 = Release|Any CPU
		{00731DB4-6DAC-488E-9DA8-8EC868C50FF9}.Debug|Any CPU.ActiveCfg = Debug|Any CPU
		{00731DB4-6DAC-488E-9DA8-8EC868C50FF9}.Debug|Any CPU.Build.0 = Debug|Any CPU
		{00731DB4-6DAC-488E-9DA8-8EC868C50FF9}.Release|Any CPU.ActiveCfg = Release|Any CPU
		{00731DB4-6DAC-488E-9DA8-8EC868C50FF9}.Release|Any CPU.Build.0 = Release|Any CPU
		{341B9AED-38C1-4134-A8F6-E79733D62960}.Debug|Any CPU.ActiveCfg = Debug|Any CPU
		{341B9AED-38C1-4134-A8F6-E79733D62960}.Debug|Any CPU.Build.0 = Debug|Any CPU
		{341B9AED-38C1-4134-A8F6-E79733D62960}.Release|Any CPU.ActiveCfg = Release|Any CPU
		{341B9AED-38C1-4134-A8F6-E79733D62960}.Release|Any CPU.Build.0 = Release|Any CPU
		{211414C2-D1E4-42E5-8998-49E3EE6BED61}.Debug|Any CPU.ActiveCfg = Debug|Any CPU
		{211414C2-D1E4-42E5-8998-49E3EE6BED61}.Debug|Any CPU.Build.0 = Debug|Any CPU
		{211414C2-D1E4-42E5-8998-49E3EE6BED61}.Release|Any CPU.ActiveCfg = Release|Any CPU
		{211414C2-D1E4-42E5-8998-49E3EE6BED61}.Release|Any CPU.Build.0 = Release|Any CPU
		{391F93DE-F922-4F64-9BD9-2874782EF7F9}.Debug|Any CPU.ActiveCfg = Debug|Any CPU
		{391F93DE-F922-4F64-9BD9-2874782EF7F9}.Debug|Any CPU.Build.0 = Debug|Any CPU
		{391F93DE-F922-4F64-9BD9-2874782EF7F9}.Release|Any CPU.ActiveCfg = Release|Any CPU
		{391F93DE-F922-4F64-9BD9-2874782EF7F9}.Release|Any CPU.Build.0 = Release|Any CPU
		{908D07A5-53FD-4122-80F2-926C6869D23C}.Debug|Any CPU.ActiveCfg = Debug|Any CPU
		{908D07A5-53FD-4122-80F2-926C6869D23C}.Debug|Any CPU.Build.0 = Debug|Any CPU
		{908D07A5-53FD-4122-80F2-926C6869D23C}.Release|Any CPU.ActiveCfg = Release|Any CPU
		{908D07A5-53FD-4122-80F2-926C6869D23C}.Release|Any CPU.Build.0 = Release|Any CPU
		{7C60CD6F-334C-4D91-8C83-38A2ABD7ABB6}.Debug|Any CPU.ActiveCfg = Debug|Any CPU
		{7C60CD6F-334C-4D91-8C83-38A2ABD7ABB6}.Debug|Any CPU.Build.0 = Debug|Any CPU
		{7C60CD6F-334C-4D91-8C83-38A2ABD7ABB6}.Release|Any CPU.ActiveCfg = Release|Any CPU
		{7C60CD6F-334C-4D91-8C83-38A2ABD7ABB6}.Release|Any CPU.Build.0 = Release|Any CPU
		{8996A582-5F8F-4F4D-AC09-F68D7291EEF3}.Debug|Any CPU.ActiveCfg = Debug|Any CPU
		{8996A582-5F8F-4F4D-AC09-F68D7291EEF3}.Debug|Any CPU.Build.0 = Debug|Any CPU
		{8996A582-5F8F-4F4D-AC09-F68D7291EEF3}.Release|Any CPU.ActiveCfg = Release|Any CPU
		{8996A582-5F8F-4F4D-AC09-F68D7291EEF3}.Release|Any CPU.Build.0 = Release|Any CPU
	EndGlobalSection
	GlobalSection(SolutionProperties) = preSolution
		HideSolutionNode = FALSE
	EndGlobalSection
	GlobalSection(NestedProjects) = preSolution
		{4035B393-1435-44B0-B394-F14CECFF26E5} = {5C55AC54-8CBD-4E51-B9B5-EEDA7F7706ED}
		{81232B9F-083A-4A46-A70F-806287D53083} = {98BAA013-FF57-49EC-9A46-379071C6630F}
		{7DBEA2EE-C068-4378-9B8D-2614538367F0} = {613351F5-810A-4739-8A5B-ABF4B37C1873}
		{2796A571-5FBF-4334-BD94-30487208440E} = {A68D32AD-E0AA-48D6-8932-5D0F7B7BE2BE}
		{69D1D1AC-6A78-4635-AB33-A9D92C51BFE6} = {BE78F392-6FAE-48D0-8C7F-81B54F2F4BB4}
		{4CDD1441-BF38-44B6-B889-46746B9DFF26} = {A9575D24-6B34-4564-AA33-6184B5D3CE36}
		{5C2D1212-DF15-4521-9AC0-4AE9A75AE09C} = {75464A84-7775-4340-8D0E-6212602D11D5}
		{98BAA013-FF57-49EC-9A46-379071C6630F} = {4035B393-1435-44B0-B394-F14CECFF26E5}
		{37875518-BF98-4270-A768-81D57B001676} = {4035B393-1435-44B0-B394-F14CECFF26E5}
		{F4D2F2E9-DAAA-4992-961D-FFEAA5F16AED} = {600A5713-CB5E-4FBC-B866-D31B826DCAB7}
		{D979FA11-32B8-4972-AC41-3C41BEE873AC} = {600A5713-CB5E-4FBC-B866-D31B826DCAB7}
		{613351F5-810A-4739-8A5B-ABF4B37C1873} = {9B2D0EA9-7B4D-4BA7-90C2-57C40734E598}
		{8FB57FAC-BEC3-45F2-B85A-8A34C7A59AD0} = {9B2D0EA9-7B4D-4BA7-90C2-57C40734E598}
		{A68D32AD-E0AA-48D6-8932-5D0F7B7BE2BE} = {B204A19F-D836-460E-B738-686C70051984}
		{BE78F392-6FAE-48D0-8C7F-81B54F2F4BB4} = {B204A19F-D836-460E-B738-686C70051984}
		{4CA30AC7-F6B2-486F-BD92-BA81214B5567} = {37875518-BF98-4270-A768-81D57B001676}
		{B24F8AC7-CDD1-4489-A577-7D72C7C1102E} = {D979FA11-32B8-4972-AC41-3C41BEE873AC}
		{E941BA9A-62CD-4B91-9EE4-AD3DC7E806D5} = {8FB57FAC-BEC3-45F2-B85A-8A34C7A59AD0}
		{C319AF9B-AB5A-4036-AF53-294028AC8774} = {9B2D0EA9-7B4D-4BA7-90C2-57C40734E598}
		{00C85DD9-3D2A-455C-B77E-AE7070AF85F8} = {C319AF9B-AB5A-4036-AF53-294028AC8774}
		{E359EDAF-A09D-4A69-9719-923806B9D49B} = {600A5713-CB5E-4FBC-B866-D31B826DCAB7}
		{42317F16-156A-4225-9712-C4D7F5A790B7} = {E359EDAF-A09D-4A69-9719-923806B9D49B}
		{127C8071-CFB2-43E7-8F15-A0C941F0442F} = {4035B393-1435-44B0-B394-F14CECFF26E5}
		{8EC1C51A-BADB-4D55-B555-531335A894BD} = {127C8071-CFB2-43E7-8F15-A0C941F0442F}
		{1BD80F0A-3D1D-46E7-BFAA-879CF8E72C3B} = {9B2D0EA9-7B4D-4BA7-90C2-57C40734E598}
		{8A8EDE7C-8686-4519-9262-FF768C834922} = {1BD80F0A-3D1D-46E7-BFAA-879CF8E72C3B}
		{D0965597-78F5-4BAF-A973-DC6220FCB094} = {600A5713-CB5E-4FBC-B866-D31B826DCAB7}
		{D4E400B7-BA04-4879-8D98-B7BB83B1AE4C} = {D0965597-78F5-4BAF-A973-DC6220FCB094}
		{A5AC2E96-E6DC-41CD-8C6A-AA8F08A7DFBD} = {9B2D0EA9-7B4D-4BA7-90C2-57C40734E598}
		{DBF7EC11-0A91-4FFF-BB34-8823401F2071} = {600A5713-CB5E-4FBC-B866-D31B826DCAB7}
		{3C6482E0-BABD-44CE-A28D-FA768D995F2A} = {DBF7EC11-0A91-4FFF-BB34-8823401F2071}
		{398EC9C4-077A-4F1A-87FC-BB3639006A78} = {75464A84-7775-4340-8D0E-6212602D11D5}
		{AEEA8572-1198-4827-8458-4E53F73EA6C5} = {3C6482E0-BABD-44CE-A28D-FA768D995F2A}
		{F472C463-A674-4FD5-B52A-A43F01427B65} = {A5AC2E96-E6DC-41CD-8C6A-AA8F08A7DFBD}
		{FB322443-5895-4816-A0F7-933081B77D3A} = {9B2D0EA9-7B4D-4BA7-90C2-57C40734E598}
		{42623D46-406A-48B0-9C93-0A0E4E1984FE} = {600A5713-CB5E-4FBC-B866-D31B826DCAB7}
		{5C067ABE-6963-4B66-9D7F-2CCC14197998} = {FB322443-5895-4816-A0F7-933081B77D3A}
		{1EC2C7F1-62A0-4C64-B5CC-08602F89438C} = {42623D46-406A-48B0-9C93-0A0E4E1984FE}
		{09DA0676-4F02-4F84-80FB-57987F87A43E} = {9415D9C2-53B7-4586-BCA9-24FDF1D84805}
		{9415D9C2-53B7-4586-BCA9-24FDF1D84805} = {4035B393-1435-44B0-B394-F14CECFF26E5}
		{F3FAFDE8-CB8A-45B7-AB21-DA4BE52D4659} = {F4D2F2E9-DAAA-4992-961D-FFEAA5F16AED}
		{410D8E46-9270-400B-8DE0-7A9CE559E658} = {600A5713-CB5E-4FBC-B866-D31B826DCAB7}
		{6FD7B394-3F4F-4790-9C95-B6524384F098} = {410D8E46-9270-400B-8DE0-7A9CE559E658}
		{6202B3C7-AFFD-46DB-8799-750AE1C8091D} = {600A5713-CB5E-4FBC-B866-D31B826DCAB7}
		{031ECBD9-7F74-422C-A895-627CBB763EA3} = {6202B3C7-AFFD-46DB-8799-750AE1C8091D}
		{9748CC74-8A9A-46DC-9728-95CC3971222D} = {F4D2F2E9-DAAA-4992-961D-FFEAA5F16AED}
		{E1E3D68E-0406-40D1-84FB-0D7E47E62CF1} = {F4D2F2E9-DAAA-4992-961D-FFEAA5F16AED}
		{E795B84B-0D8C-4D74-BA79-2EBF3539AB76} = {04713B39-F2AD-456C-BF0C-C3D4F444897C}
		{5FFC25E6-AF48-40ED-AB7F-0B0C58C6EA5B} = {FDACAB99-4A5C-485E-91CE-76A28F99385E}
		{FDACAB99-4A5C-485E-91CE-76A28F99385E} = {5C55AC54-8CBD-4E51-B9B5-EEDA7F7706ED}
		{DC797279-F855-4B05-923E-5D3AEE1FA399} = {FDACAB99-4A5C-485E-91CE-76A28F99385E}
		{786D3704-FAB3-47CA-AE9E-CF0E5A4AC3F4} = {9B2D0EA9-7B4D-4BA7-90C2-57C40734E598}
		{CD90852A-DF38-4FE9-A24E-DBA76AB025FC} = {786D3704-FAB3-47CA-AE9E-CF0E5A4AC3F4}
		{A9D63B17-D13E-4A2C-9B38-233E01705C1C} = {600A5713-CB5E-4FBC-B866-D31B826DCAB7}
		{405C2082-074E-455A-831A-8C33BE8CF13F} = {A9D63B17-D13E-4A2C-9B38-233E01705C1C}
		{E1F6DFA4-07D9-43F7-BAB3-14F745817F65} = {F4D2F2E9-DAAA-4992-961D-FFEAA5F16AED}
		{E5C05E11-9EE6-497B-A92A-60169E4F54CB} = {5C55AC54-8CBD-4E51-B9B5-EEDA7F7706ED}
		{22922384-AF2D-43AD-8BC6-B5F94C2664EB} = {E5C05E11-9EE6-497B-A92A-60169E4F54CB}
		{0C60E1C4-3623-4D80-B12A-F720CE8DA942} = {613351F5-810A-4739-8A5B-ABF4B37C1873}
		{70C5824E-E349-4D98-8ACB-EFF39E0FFD68} = {5C55AC54-8CBD-4E51-B9B5-EEDA7F7706ED}
		{956FFC14-C032-41A9-823A-2B07C55582DB} = {70C5824E-E349-4D98-8ACB-EFF39E0FFD68}
		{85F31FFF-669E-4514-94C9-BEF4E5546442} = {70C5824E-E349-4D98-8ACB-EFF39E0FFD68}
		{FA478BCE-CFEA-46E7-AB12-EBD8B98F9AB6} = {FDACAB99-4A5C-485E-91CE-76A28F99385E}
		{344C8B2D-16D2-478F-BFFD-AFF3EF5204EC} = {FDACAB99-4A5C-485E-91CE-76A28F99385E}
		{A2DC5F61-421D-443C-B968-2E3A0875D546} = {98BAA013-FF57-49EC-9A46-379071C6630F}
		{7C512DE2-AB28-4D56-B904-CA6D4BF75FF0} = {D0965597-78F5-4BAF-A973-DC6220FCB094}
		{090A9890-20D9-4F14-96DA-1D1A6BDBF5AC} = {1BD80F0A-3D1D-46E7-BFAA-879CF8E72C3B}
		{1C0A76E5-FFA7-4CE6-A74D-3EF8B177B2E1} = {FDACAB99-4A5C-485E-91CE-76A28F99385E}
		{BD89A640-A0E9-42FF-BB51-CF4C7F988FA6} = {FDACAB99-4A5C-485E-91CE-76A28F99385E}
		{A093AD57-A433-473A-B87E-E377D2BD9D6E} = {5C55AC54-8CBD-4E51-B9B5-EEDA7F7706ED}
		{3B09BEF7-8512-434F-8895-AC310C44E031} = {A093AD57-A433-473A-B87E-E377D2BD9D6E}
		{B9F7A428-A0A5-477C-87D8-BAD67F79F61E} = {DBF7EC11-0A91-4FFF-BB34-8823401F2071}
		{A6B20952-D6D7-4E00-9BA7-FC0EFC64A26C} = {B9F7A428-A0A5-477C-87D8-BAD67F79F61E}
		{34680B50-D12C-477F-BA27-EE6430F36F79} = {600A5713-CB5E-4FBC-B866-D31B826DCAB7}
		{F4BD51F1-198D-46FE-8434-2C2C028BEDFE} = {34680B50-D12C-477F-BA27-EE6430F36F79}
		{A25B0563-3079-4997-A229-FB0A2158717B} = {A5AC2E96-E6DC-41CD-8C6A-AA8F08A7DFBD}
		{5D59D53B-97B5-434E-B75E-F61A70AD081B} = {9B2D0EA9-7B4D-4BA7-90C2-57C40734E598}
		{FE2F0C2C-D9E6-4CBA-94F6-A0D4007864CE} = {5D59D53B-97B5-434E-B75E-F61A70AD081B}
		{2D840D5B-CC0F-420F-A799-393760194D74} = {FDACAB99-4A5C-485E-91CE-76A28F99385E}
		{5DAF91A9-A3CD-48A1-8984-98D4770BB88F} = {F4D2F2E9-DAAA-4992-961D-FFEAA5F16AED}
		{CBC99F0A-51CD-4442-88A4-E3DFC89EEF3A} = {613351F5-810A-4739-8A5B-ABF4B37C1873}
		{00731DB4-6DAC-488E-9DA8-8EC868C50FF9} = {FDACAB99-4A5C-485E-91CE-76A28F99385E}
		{341B9AED-38C1-4134-A8F6-E79733D62960} = {FDACAB99-4A5C-485E-91CE-76A28F99385E}
		{211414C2-D1E4-42E5-8998-49E3EE6BED61} = {FDACAB99-4A5C-485E-91CE-76A28F99385E}
		{391F93DE-F922-4F64-9BD9-2874782EF7F9} = {37875518-BF98-4270-A768-81D57B001676}
		{ED414B97-7D69-4A60-B599-72E2CEBB2DFA} = {600A5713-CB5E-4FBC-B866-D31B826DCAB7}
		{908D07A5-53FD-4122-80F2-926C6869D23C} = {ED414B97-7D69-4A60-B599-72E2CEBB2DFA}
		{A8FBB470-C653-4F6F-A297-82A7BD7F76F1} = {9B2D0EA9-7B4D-4BA7-90C2-57C40734E598}
		{7C60CD6F-334C-4D91-8C83-38A2ABD7ABB6} = {A8FBB470-C653-4F6F-A297-82A7BD7F76F1}
		{8996A582-5F8F-4F4D-AC09-F68D7291EEF3} = {FDACAB99-4A5C-485E-91CE-76A28F99385E}
	EndGlobalSection
	GlobalSection(ExtensibilityGlobals) = postSolution
		EnterpriseLibraryConfigurationToolBinariesPathV6 = packages\EnterpriseLibrary.Common.6.0.1304.0\lib\NET45;packages\EnterpriseLibrary.Data.6.0.1304.0\lib\NET45
	EndGlobalSection
	GlobalSection(TeamFoundationVersionControl) = preSolution
		SccNumberOfProjects = 58
		SccEnterpriseProvider = {4CA58AB2-18FA-4F8D-95D4-32DDF27D184C}
		SccTeamFoundationServer = http://cp01tfsapp03:8080/tfs/chempoint_tfs
		SccLocalPath0 = .
		SccProjectUniqueName1 = ChemPoint.GP.BusinessContracts\\ChemPoint.GP.BusinessContracts.csproj
		SccProjectTopLevelParentUniqueName1 = ChemPoint.GP.Services.sln
		SccProjectName1 = ChemPoint.GP.BusinessContracts
		SccLocalPath1 = ChemPoint.GP.BusinessContracts
		SccProjectUniqueName2 = ChemPoint.GP.CPServiceAuditLog\\ChemPoint.GP.CPServiceAuditLog.csproj
		SccProjectTopLevelParentUniqueName2 = ChemPoint.GP.Services.sln
		SccProjectName2 = ChemPoint.GP.CPServiceAuditLog
		SccLocalPath2 = ChemPoint.GP.CPServiceAuditLog
		SccProjectUniqueName3 = ChemPoint.Gp.CPServiceAuditLogBL\\ChemPoint.Gp.CPServiceAuditLogBL.csproj
		SccProjectTopLevelParentUniqueName3 = ChemPoint.GP.Services.sln
		SccProjectName3 = ChemPoint.Gp.CPServiceAuditLogBL
		SccLocalPath3 = ChemPoint.Gp.CPServiceAuditLogBL
		SccProjectUniqueName4 = ChemPoint.GP.DataContracts\\ChemPoint.GP.DataContracts.csproj
		SccProjectTopLevelParentUniqueName4 = ChemPoint.GP.Services.sln
		SccProjectName4 = ChemPoint.GP.DataContracts
		SccLocalPath4 = ChemPoint.GP.DataContracts
		SccProjectUniqueName5 = ChemPoint.GP.Entities\\ChemPoint.GP.Entities.csproj
		SccProjectTopLevelParentUniqueName5 = ChemPoint.GP.Services.sln
		SccProjectName5 = ChemPoint.GP.Entities
		SccLocalPath5 = ChemPoint.GP.Entities
		SccProjectUniqueName6 = ChemPoint.GP.Inventory\\ChemPoint.GP.Inventory.csproj
		SccProjectTopLevelParentUniqueName6 = ChemPoint.GP.Services.sln
		SccProjectName6 = ChemPoint.GP.Inventory
		SccLocalPath6 = ChemPoint.GP.Inventory
		SccProjectUniqueName7 = Chempoint.GP.InventoryBL\\Chempoint.GP.InventoryBL.csproj
		SccProjectTopLevelParentUniqueName7 = ChemPoint.GP.Services.sln
		SccProjectName7 = Chempoint.GP.InventoryBL
		SccLocalPath7 = Chempoint.GP.InventoryBL
		SccProjectUniqueName8 = Chempoint.GP.InventoryDL\\Chempoint.GP.InventoryDL.csproj
		SccProjectTopLevelParentUniqueName8 = ChemPoint.GP.Services.sln
		SccProjectName8 = Chempoint.GP.InventoryDL
		SccLocalPath8 = Chempoint.GP.InventoryDL
		SccProjectUniqueName9 = Chempoint.GP.Model\\Chempoint.GP.Model.csproj
		SccProjectTopLevelParentUniqueName9 = ChemPoint.GP.Services.sln
		SccProjectName9 = Chempoint.GP.Model
		SccLocalPath9 = Chempoint.GP.Model
		SccProjectUniqueName10 = Chempoint.GP.PO\\Chempoint.GP.PO.csproj
		SccProjectTopLevelParentUniqueName10 = ChemPoint.GP.Services.sln
		SccProjectName10 = Chempoint.GP.PO
		SccLocalPath10 = Chempoint.GP.PO
		SccProjectUniqueName11 = ChemPoint.GP.POBL\\ChemPoint.GP.POBL.csproj
		SccProjectTopLevelParentUniqueName11 = ChemPoint.GP.Services.sln
		SccProjectName11 = ChemPoint.GP.POBL
		SccLocalPath11 = ChemPoint.GP.POBL
		SccProjectUniqueName12 = ChemPoint.GP.PODL\\ChemPoint.GP.PODL.csproj
		SccProjectTopLevelParentUniqueName12 = ChemPoint.GP.Services.sln
		SccProjectName12 = ChemPoint.GP.PODL
		SccLocalPath12 = ChemPoint.GP.PODL
		SccProjectUniqueName13 = ChemPoint.GP.SalesOrderDL\\ChemPoint.GP.SalesOrderDL.csproj
		SccProjectTopLevelParentUniqueName13 = ChemPoint.GP.Services.sln
		SccProjectName13 = ChemPoint.GP.SalesOrderDL
		SccLocalPath13 = ChemPoint.GP.SalesOrderDL
		SccProjectUniqueName14 = Chempoint.GP.SO\\Chempoint.GP.SO.csproj
		SccProjectTopLevelParentUniqueName14 = ChemPoint.GP.Services.sln
		SccProjectName14 = Chempoint.GP.SO
		SccLocalPath14 = Chempoint.GP.SO
		SccProjectUniqueName15 = Chempoint.GP.Infrastructure\\Chempoint.GP.Infrastructure.csproj
		SccProjectTopLevelParentUniqueName15 = ChemPoint.GP.Services.sln
		SccProjectName15 = Chempoint.GP.Infrastructure
		SccLocalPath15 = Chempoint.GP.Infrastructure
		SccProjectUniqueName16 = ChemPoint.GP.HoldEngineBL\\ChemPoint.GP.HoldEngineBL.csproj
		SccProjectTopLevelParentUniqueName16 = ChemPoint.GP.Services.sln
		SccProjectName16 = ChemPoint.GP.HoldEngineBL
		SccLocalPath16 = ChemPoint.GP.HoldEngineBL
		SccProjectUniqueName17 = ChemPoint.GP.HoldEngineDL\\ChemPoint.GP.HoldEngineDL.csproj
		SccProjectTopLevelParentUniqueName17 = ChemPoint.GP.Services.sln
		SccProjectName17 = ChemPoint.GP.HoldEngineDL
		SccLocalPath17 = ChemPoint.GP.HoldEngineDL
		SccProjectUniqueName18 = ChemPoint.GP.SetupDetailDL\\ChemPoint.GP.SetupDetailDL.csproj
		SccProjectTopLevelParentUniqueName18 = ChemPoint.GP.Services.sln
		SccProjectName18 = ChemPoint.GP.SetupDetailDL
		SccLocalPath18 = ChemPoint.GP.SetupDetailDL
		SccProjectUniqueName19 = ChemPoint.GP.SetupBL\\ChemPoint.GP.SetupBL.csproj
		SccProjectTopLevelParentUniqueName19 = ChemPoint.GP.Services.sln
		SccProjectName19 = ChemPoint.GP.SetupBL
		SccLocalPath19 = ChemPoint.GP.SetupBL
		SccProjectUniqueName20 = Chempoint.GP.Setup\\Chempoint.GP.Setup.csproj
		SccProjectTopLevelParentUniqueName20 = ChemPoint.GP.Services.sln
		SccProjectName20 = Chempoint.GP.Setup
		SccLocalPath20 = Chempoint.GP.Setup
		SccProjectUniqueName21 = ChemPoint.GP.OrderPostingBL\\ChemPoint.GP.OrderPostingBL.csproj
		SccProjectTopLevelParentUniqueName21 = ChemPoint.GP.Services.sln
		SccProjectName21 = ChemPoint.GP.OrderPostingBL
		SccLocalPath21 = ChemPoint.GP.OrderPostingBL
		SccProjectUniqueName22 = ChemPoint.TaxEngine\\ChemPoint.TaxEngine.csproj
		SccProjectTopLevelParentUniqueName22 = ChemPoint.GP.Services.sln
		SccProjectName22 = ChemPoint.TaxEngine
		SccLocalPath22 = ChemPoint.TaxEngine
		SccProjectUniqueName23 = ChemPoint.GP.XRMServices\\ChemPoint.GP.XRMServices.csproj
		SccProjectTopLevelParentUniqueName23 = ChemPoint.GP.Services.sln
		SccProjectName23 = ChemPoint.GP.XRMServices
		SccLocalPath23 = ChemPoint.GP.XRMServices
		SccProjectUniqueName24 = ChemPoint.GP.SalesOrderCreateBL\\ChemPoint.GP.SalesOrderCreateBL.csproj
		SccProjectTopLevelParentUniqueName24 = ChemPoint.GP.Services.sln
		SccProjectName24 = ChemPoint.GP.SalesOrderCreateBL
		SccLocalPath24 = ChemPoint.GP.SalesOrderCreateBL
		SccProjectUniqueName25 = ChemPoint.GP.SalesOrderBL\\ChemPoint.GP.SalesOrderBL.csproj
		SccProjectTopLevelParentUniqueName25 = ChemPoint.GP.Services.sln
		SccProjectName25 = ChemPoint.GP.SalesOrderBL
		SccLocalPath25 = ChemPoint.GP.SalesOrderBL
		SccProjectUniqueName26 = ChemPoint.GP.APIServices\\ChemPoint.GP.APIServices.csproj
		SccProjectTopLevelParentUniqueName26 = ChemPoint.GP.Services.sln
		SccProjectName26 = ChemPoint.GP.APIServices
		SccLocalPath26 = ChemPoint.GP.APIServices
		SccProjectUniqueName27 = TaskSchedularCreditHoldEngine\\TaskSchedularCreditHoldEngine.csproj
		SccProjectTopLevelParentUniqueName27 = ChemPoint.GP.Services.sln
		SccProjectName27 = TaskSchedularCreditHoldEngine
		SccLocalPath27 = TaskSchedularCreditHoldEngine
		SccProjectUniqueName28 = TaskSchedularProcessHoldEngine\\TaskSchedularProcessHoldEngine.csproj
		SccProjectTopLevelParentUniqueName28 = ChemPoint.GP.Services.sln
		SccProjectName28 = TaskSchedularProcessHoldEngine
		SccLocalPath28 = TaskSchedularProcessHoldEngine
		SccProjectUniqueName29 = ChemPoint.GP.AccountDL\\ChemPoint.GP.AccountDL.csproj
		SccProjectTopLevelParentUniqueName29 = ChemPoint.GP.Services.sln
		SccProjectName29 = ChemPoint.GP.AccountDL
		SccLocalPath29 = ChemPoint.GP.AccountDL
		SccProjectUniqueName30 = ChemPoint.GP.AccountBL\\ChemPoint.GP.AccountBL.csproj
		SccProjectTopLevelParentUniqueName30 = ChemPoint.GP.Services.sln
		SccProjectName30 = ChemPoint.GP.AccountBL
		SccLocalPath30 = ChemPoint.GP.AccountBL
		SccProjectUniqueName31 = ChemPoint.GP.PickTicketBL\\ChemPoint.GP.PickTicketBL.csproj
		SccProjectTopLevelParentUniqueName31 = ChemPoint.GP.Services.sln
		SccProjectName31 = ChemPoint.GP.PickTicketBL
		SccLocalPath31 = ChemPoint.GP.PickTicketBL
		SccProjectUniqueName32 = PTTestApplication\\PTTestApplication.csproj
		SccProjectTopLevelParentUniqueName32 = ChemPoint.GP.Services.sln
		SccProjectName32 = PTTestApplication
		SccLocalPath32 = PTTestApplication
		SccProjectUniqueName33 = ChemPoint.GP.OrderPostingDL\\ChemPoint.GP.OrderPostingDL.csproj
		SccProjectTopLevelParentUniqueName33 = ChemPoint.GP.Services.sln
		SccProjectName33 = ChemPoint.GP.OrderPostingDL
		SccLocalPath33 = ChemPoint.GP.OrderPostingDL
		SccProjectUniqueName34 = ChemPoint.GP.EConnect\\ChemPoint.GP.EConnect.csproj
		SccProjectTopLevelParentUniqueName34 = ChemPoint.GP.Services.sln
		SccProjectName34 = ChemPoint.GP.EConnect
		SccLocalPath34 = ChemPoint.GP.EConnect
		SccProjectUniqueName35 = PickTicketTestService\\PickTicketTestService.csproj
		SccProjectTopLevelParentUniqueName35 = ChemPoint.GP.Services.sln
		SccProjectName35 = PickTicketTestService
		SccLocalPath35 = PickTicketTestService
		SccProjectUniqueName36 = ChemPoint.TransferToFO.Library\\ChemPoint.TransferToFO.Library.csproj
		SccProjectTopLevelParentUniqueName36 = ChemPoint.GP.Services.sln
		SccProjectName36 = ChemPoint.TransferToFO.Library
		SccLocalPath36 = ChemPoint.TransferToFO.Library
		SccProjectUniqueName37 = Chempoint.CashApplicationProcess.Engine\\Chempoint.CashApplicationProcess.Engine.csproj
		SccProjectTopLevelParentUniqueName37 = ChemPoint.GP.Services.sln
		SccProjectName37 = Chempoint.CashApplicationProcess.Engine
		SccLocalPath37 = Chempoint.CashApplicationProcess.Engine
		SccProjectUniqueName38 = Chempoint.GP.RM\\Chempoint.GP.RM.csproj
		SccProjectTopLevelParentUniqueName38 = ChemPoint.GP.Services.sln
		SccProjectName38 = Chempoint.GP.RM
		SccLocalPath38 = Chempoint.GP.RM
		SccProjectUniqueName39 = ChemPoint.GP.Email\\ChemPoint.GP.Email.csproj
		SccProjectTopLevelParentUniqueName39 = ChemPoint.GP.Services.sln
		SccProjectName39 = ChemPoint.GP.Email
		SccLocalPath39 = ChemPoint.GP.Email
		SccProjectUniqueName40 = ChemPoint.GP.EmailDL\\ChemPoint.GP.EmailDL.csproj
		SccProjectTopLevelParentUniqueName40 = ChemPoint.GP.Services.sln
		SccProjectName40 = ChemPoint.GP.EmailDL
		SccLocalPath40 = ChemPoint.GP.EmailDL
		SccProjectUniqueName41 = Chempoint.ReportUploader\\Chempoint.ReportUploader.csproj
		SccProjectTopLevelParentUniqueName41 = ChemPoint.GP.Services.sln
		SccProjectName41 = Chempoint.ReportUploader
		SccLocalPath41 = Chempoint.ReportUploader
		SccProjectUniqueName42 = Chempoint.Cryptography\\Chempoint.Cryptography.csproj
		SccProjectTopLevelParentUniqueName42 = ChemPoint.GP.Services.sln
		SccProjectName42 = Chempoint.Cryptography
		SccLocalPath42 = Chempoint.Cryptography
		SccProjectUniqueName43 = Chempoint.GP.FtpBL\\Chempoint.GP.FtpBL.csproj
		SccProjectTopLevelParentUniqueName43 = ChemPoint.GP.Services.sln
		SccProjectName43 = Chempoint.GP.FtpBL
		SccLocalPath43 = Chempoint.GP.FtpBL
		SccProjectUniqueName44 = Chempoint.GP.CryptoBL\\Chempoint.GP.CryptoBL.csproj
		SccProjectTopLevelParentUniqueName44 = ChemPoint.GP.Services.sln
		SccProjectName44 = Chempoint.GP.CryptoBL
		SccLocalPath44 = Chempoint.GP.CryptoBL
		SccProjectUniqueName45 = Chempoint.GP.FtpDL\\Chempoint.GP.FtpDL.csproj
		SccProjectTopLevelParentUniqueName45 = ChemPoint.GP.Services.sln
		SccProjectName45 = Chempoint.GP.FtpDL
		SccLocalPath45 = Chempoint.GP.FtpDL
		SccProjectUniqueName46 = Chempoint.GP.CryptoDL\\Chempoint.GP.CryptoDL.csproj
		SccProjectTopLevelParentUniqueName46 = ChemPoint.GP.Services.sln
		SccProjectName46 = Chempoint.GP.CryptoDL
		SccLocalPath46 = Chempoint.GP.CryptoDL
		SccProjectUniqueName47 = ReceivablesDL\\ChemPoint.GP.ReceivablesDL.csproj
		SccProjectTopLevelParentUniqueName47 = ChemPoint.GP.Services.sln
		SccProjectName47 = ReceivablesDL
		SccLocalPath47 = ReceivablesDL
		SccProjectUniqueName48 = Chempoint.FTPutility\\Chempoint.FTPutility.csproj
		SccProjectTopLevelParentUniqueName48 = ChemPoint.GP.Services.sln
		SccProjectName48 = Chempoint.FTPutility
		SccLocalPath48 = Chempoint.FTPutility
		SccProjectUniqueName49 = Chempoint.GP.SupplyChainActivity\\Chempoint.GP.SupplyChainActivity.csproj
		SccProjectTopLevelParentUniqueName49 = ChemPoint.GP.Services.sln
		SccProjectName49 = Chempoint.GP.SupplyChainActivity
		SccLocalPath49 = Chempoint.GP.SupplyChainActivity
		SccProjectUniqueName50 = Chempoint.GP.ReceivablesBL\\Chempoint.GP.ReceivablesBL.csproj
		SccProjectTopLevelParentUniqueName50 = ChemPoint.GP.Services.sln
		SccProjectName50 = Chempoint.GP.ReceivablesBL
		SccLocalPath50 = Chempoint.GP.ReceivablesBL
		SccProjectUniqueName51 = ChemPoint.GP.APIOutFileGenerator\\ChemPoint.GP.APIOutFileGenerator.csproj
		SccProjectTopLevelParentUniqueName51 = ChemPoint.GP.Services.sln
		SccProjectName51 = ChemPoint.GP.APIOutFileGenerator
		SccLocalPath51 = ChemPoint.GP.APIOutFileGenerator
		SccProjectUniqueName52 = Chempoint.GP.CTSIToGP\\Chempoint.GP.CTSIToGP.csproj
		SccProjectTopLevelParentUniqueName52 = ChemPoint.GP.Services.sln
		SccProjectName52 = Chempoint.GP.CTSIToGP
		SccLocalPath52 = Chempoint.GP.CTSIToGP
		SccProjectUniqueName53 = ChemPoint.GP.PM\\ChemPoint.GP.PM.csproj
		SccProjectTopLevelParentUniqueName53 = ChemPoint.GP.Services.sln
		SccProjectName53 = ChemPoint.GP.PM
		SccLocalPath53 = ChemPoint.GP.PM
		SccProjectUniqueName54 = ChemPoint.GP.PMBL\\ChemPoint.GP.PMBL.csproj
		SccProjectTopLevelParentUniqueName54 = ChemPoint.GP.Services.sln
		SccProjectName54 = ChemPoint.GP.PMBL
		SccLocalPath54 = ChemPoint.GP.PMBL
		SccProjectUniqueName55 = Chempoint.GP.PMDL\\ChemPoint.GP.PMDL.csproj
		SccProjectTopLevelParentUniqueName55 = ChemPoint.GP.Services.sln
		SccProjectName55 = Chempoint.GP.PMDL
		SccLocalPath55 = Chempoint.GP.PMDL
		SccProjectUniqueName56 = Chempoint.GP.APOut\\Chempoint.GP.APIToGP.csproj
		SccProjectTopLevelParentUniqueName56 = ChemPoint.GP.Services.sln
		SccProjectName56 = Chempoint.GP.APOut
		SccLocalPath56 = Chempoint.GP.APOut
		SccProjectUniqueName57 = ChemPoint.GP.CTSIFileGenerator\\ChemPoint.GP.CTSIFileGenerator.csproj
		SccProjectTopLevelParentUniqueName57 = ChemPoint.GP.Services.sln
		SccProjectName57 = ChemPoint.GP.CTSIFileGenerator
		SccLocalPath57 = ChemPoint.GP.CTSIFileGenerator
	EndGlobalSection
EndGlobal
